<?xml version="1.0" encoding="utf-8"?>
<Project ToolsVersion="4.0" xmlns="http://schemas.microsoft.com/developer/msbuild/2003">
  <ItemGroup>
    <Filter Include="Source Files">
      <UniqueIdentifier>{4FC737F1-C7A5-4376-A066-2A32D752A2FF}</UniqueIdentifier>
      <Extensions>cpp;c;cc;cxx;c++;cppm;ixx;def;odl;idl;hpj;bat;asm;asmx</Extensions>
    </Filter>
    <Filter Include="Header Files">
      <UniqueIdentifier>{93995380-89BD-4b04-88EB-625FBE52EBFB}</UniqueIdentifier>
      <Extensions>h;hh;hpp;hxx;h++;hm;inl;inc;ipp;xsd</Extensions>
    </Filter>
    <Filter Include="Resource Files">
      <UniqueIdentifier>{67DA6AB6-F800-4c08-8B7A-83BB121AAD01}</UniqueIdentifier>
      <Extensions>rc;ico;cur;bmp;dlg;rc2;rct;bin;rgs;gif;jpg;jpeg;jpe;resx;tiff;tif;png;wav;mfcribbon-ms</Extensions>
    </Filter>
  </ItemGroup>
  <ItemGroup>
    <ClCompile Include="Src\Application.cpp">
      <Filter>Source Files</Filter>
    </ClCompile>
    <ClCompile Include="External Libraries\GLAD\src\glad.c">
      <Filter>Source Files</Filter>
    </ClCompile>
    <ClCompile Include="Src\Shader.cpp">
      <Filter>Source Files</Filter>
    </ClCompile>
    <ClCompile Include="Src\TextureLoader.cpp">
      <Filter>Source Files</Filter>
    </ClCompile>
  </ItemGroup>
  <ItemGroup>
    <ClInclude Include="Src\Shader.h">
      <Filter>Header Files</Filter>
    </ClInclude>
    <ClInclude Include="Src\stb_image.h">
      <Filter>Header Files</Filter>
    </ClInclude>
    <ClInclude Include="Src\TextureLoader.h">
      <Filter>Header Files</Filter>
    </ClInclude>
    <ClInclude Include="External Libraries\\common.hpp">
      <Filter>Header Files</Filter>
    </ClInclude>
    <ClInclude Include="External Libraries\\detail\compute_common.hpp">
      <Filter>Header Files</Filter>
    </ClInclude>
    <ClInclude Include="External Libraries\\detail\compute_vector_decl.hpp">
      <Filter>Header Files</Filter>
    </ClInclude>
    <ClInclude Include="External Libraries\\detail\compute_vector_relational.hpp">
      <Filter>Header Files</Filter>
    </ClInclude>
    <ClInclude Include="External Libraries\\detail\qualifier.hpp">
      <Filter>Header Files</Filter>
    </ClInclude>
    <ClInclude Include="External Libraries\\detail\setup.hpp">
      <Filter>Header Files</Filter>
    </ClInclude>
    <ClInclude Include="External Libraries\\detail\type_float.hpp">
      <Filter>Header Files</Filter>
    </ClInclude>
    <ClInclude Include="External Libraries\\detail\type_half.hpp">
      <Filter>Header Files</Filter>
    </ClInclude>
    <ClInclude Include="External Libraries\\detail\type_mat2x2.hpp">
      <Filter>Header Files</Filter>
    </ClInclude>
    <ClInclude Include="External Libraries\\detail\type_mat2x3.hpp">
      <Filter>Header Files</Filter>
    </ClInclude>
    <ClInclude Include="External Libraries\\detail\type_mat2x4.hpp">
      <Filter>Header Files</Filter>
    </ClInclude>
    <ClInclude Include="External Libraries\\detail\type_mat3x2.hpp">
      <Filter>Header Files</Filter>
    </ClInclude>
    <ClInclude Include="External Libraries\\detail\type_mat3x3.hpp">
      <Filter>Header Files</Filter>
    </ClInclude>
    <ClInclude Include="External Libraries\\detail\type_mat3x4.hpp">
      <Filter>Header Files</Filter>
    </ClInclude>
    <ClInclude Include="External Libraries\\detail\type_mat4x2.hpp">
      <Filter>Header Files</Filter>
    </ClInclude>
    <ClInclude Include="External Libraries\\detail\type_mat4x3.hpp">
      <Filter>Header Files</Filter>
    </ClInclude>
    <ClInclude Include="External Libraries\\detail\type_mat4x4.hpp">
      <Filter>Header Files</Filter>
    </ClInclude>
    <ClInclude Include="External Libraries\\detail\type_quat.hpp">
      <Filter>Header Files</Filter>
    </ClInclude>
    <ClInclude Include="External Libraries\\detail\type_vec1.hpp">
      <Filter>Header Files</Filter>
    </ClInclude>
    <ClInclude Include="External Libraries\\detail\type_vec2.hpp">
      <Filter>Header Files</Filter>
    </ClInclude>
    <ClInclude Include="External Libraries\\detail\type_vec3.hpp">
      <Filter>Header Files</Filter>
    </ClInclude>
    <ClInclude Include="External Libraries\\detail\type_vec4.hpp">
      <Filter>Header Files</Filter>
    </ClInclude>
    <ClInclude Include="External Libraries\\detail\_features.hpp">
      <Filter>Header Files</Filter>
    </ClInclude>
    <ClInclude Include="External Libraries\\detail\_fixes.hpp">
      <Filter>Header Files</Filter>
    </ClInclude>
    <ClInclude Include="External Libraries\\detail\_noise.hpp">
      <Filter>Header Files</Filter>
    </ClInclude>
    <ClInclude Include="External Libraries\\detail\_swizzle.hpp">
      <Filter>Header Files</Filter>
    </ClInclude>
    <ClInclude Include="External Libraries\\detail\_swizzle_func.hpp">
      <Filter>Header Files</Filter>
    </ClInclude>
    <ClInclude Include="External Libraries\\detail\_vectorize.hpp">
      <Filter>Header Files</Filter>
    </ClInclude>
    <ClInclude Include="External Libraries\\exponential.hpp">
      <Filter>Header Files</Filter>
    </ClInclude>
    <ClInclude Include="External Libraries\\ext.hpp">
      <Filter>Header Files</Filter>
    </ClInclude>
    <ClInclude Include="External Libraries\\ext\matrix_clip_space.hpp">
      <Filter>Header Files</Filter>
    </ClInclude>
    <ClInclude Include="External Libraries\\ext\matrix_common.hpp">
      <Filter>Header Files</Filter>
    </ClInclude>
    <ClInclude Include="External Libraries\\ext\matrix_double2x2.hpp">
      <Filter>Header Files</Filter>
    </ClInclude>
    <ClInclude Include="External Libraries\\ext\matrix_double2x2_precision.hpp">
      <Filter>Header Files</Filter>
    </ClInclude>
    <ClInclude Include="External Libraries\\ext\matrix_double2x3.hpp">
      <Filter>Header Files</Filter>
    </ClInclude>
    <ClInclude Include="External Libraries\\ext\matrix_double2x3_precision.hpp">
      <Filter>Header Files</Filter>
    </ClInclude>
    <ClInclude Include="External Libraries\\ext\matrix_double2x4.hpp">
      <Filter>Header Files</Filter>
    </ClInclude>
    <ClInclude Include="External Libraries\\ext\matrix_double2x4_precision.hpp">
      <Filter>Header Files</Filter>
    </ClInclude>
    <ClInclude Include="External Libraries\\ext\matrix_double3x2.hpp">
      <Filter>Header Files</Filter>
    </ClInclude>
    <ClInclude Include="External Libraries\\ext\matrix_double3x2_precision.hpp">
      <Filter>Header Files</Filter>
    </ClInclude>
    <ClInclude Include="External Libraries\\ext\matrix_double3x3.hpp">
      <Filter>Header Files</Filter>
    </ClInclude>
    <ClInclude Include="External Libraries\\ext\matrix_double3x3_precision.hpp">
      <Filter>Header Files</Filter>
    </ClInclude>
    <ClInclude Include="External Libraries\\ext\matrix_double3x4.hpp">
      <Filter>Header Files</Filter>
    </ClInclude>
    <ClInclude Include="External Libraries\\ext\matrix_double3x4_precision.hpp">
      <Filter>Header Files</Filter>
    </ClInclude>
    <ClInclude Include="External Libraries\\ext\matrix_double4x2.hpp">
      <Filter>Header Files</Filter>
    </ClInclude>
    <ClInclude Include="External Libraries\\ext\matrix_double4x2_precision.hpp">
      <Filter>Header Files</Filter>
    </ClInclude>
    <ClInclude Include="External Libraries\\ext\matrix_double4x3.hpp">
      <Filter>Header Files</Filter>
    </ClInclude>
    <ClInclude Include="External Libraries\\ext\matrix_double4x3_precision.hpp">
      <Filter>Header Files</Filter>
    </ClInclude>
    <ClInclude Include="External Libraries\\ext\matrix_double4x4.hpp">
      <Filter>Header Files</Filter>
    </ClInclude>
    <ClInclude Include="External Libraries\\ext\matrix_double4x4_precision.hpp">
      <Filter>Header Files</Filter>
    </ClInclude>
    <ClInclude Include="External Libraries\\ext\matrix_float2x2.hpp">
      <Filter>Header Files</Filter>
    </ClInclude>
    <ClInclude Include="External Libraries\\ext\matrix_float2x2_precision.hpp">
      <Filter>Header Files</Filter>
    </ClInclude>
    <ClInclude Include="External Libraries\\ext\matrix_float2x3.hpp">
      <Filter>Header Files</Filter>
    </ClInclude>
    <ClInclude Include="External Libraries\\ext\matrix_float2x3_precision.hpp">
      <Filter>Header Files</Filter>
    </ClInclude>
    <ClInclude Include="External Libraries\\ext\matrix_float2x4.hpp">
      <Filter>Header Files</Filter>
    </ClInclude>
    <ClInclude Include="External Libraries\\ext\matrix_float2x4_precision.hpp">
      <Filter>Header Files</Filter>
    </ClInclude>
    <ClInclude Include="External Libraries\\ext\matrix_float3x2.hpp">
      <Filter>Header Files</Filter>
    </ClInclude>
    <ClInclude Include="External Libraries\\ext\matrix_float3x2_precision.hpp">
      <Filter>Header Files</Filter>
    </ClInclude>
    <ClInclude Include="External Libraries\\ext\matrix_float3x3.hpp">
      <Filter>Header Files</Filter>
    </ClInclude>
    <ClInclude Include="External Libraries\\ext\matrix_float3x3_precision.hpp">
      <Filter>Header Files</Filter>
    </ClInclude>
    <ClInclude Include="External Libraries\\ext\matrix_float3x4.hpp">
      <Filter>Header Files</Filter>
    </ClInclude>
    <ClInclude Include="External Libraries\\ext\matrix_float3x4_precision.hpp">
      <Filter>Header Files</Filter>
    </ClInclude>
    <ClInclude Include="External Libraries\\ext\matrix_float4x2.hpp">
      <Filter>Header Files</Filter>
    </ClInclude>
    <ClInclude Include="External Libraries\\ext\matrix_float4x2_precision.hpp">
      <Filter>Header Files</Filter>
    </ClInclude>
    <ClInclude Include="External Libraries\\ext\matrix_float4x3.hpp">
      <Filter>Header Files</Filter>
    </ClInclude>
    <ClInclude Include="External Libraries\\ext\matrix_float4x3_precision.hpp">
      <Filter>Header Files</Filter>
    </ClInclude>
    <ClInclude Include="External Libraries\\ext\matrix_float4x4.hpp">
      <Filter>Header Files</Filter>
    </ClInclude>
    <ClInclude Include="External Libraries\\ext\matrix_float4x4_precision.hpp">
      <Filter>Header Files</Filter>
    </ClInclude>
    <ClInclude Include="External Libraries\\ext\matrix_int2x2.hpp">
      <Filter>Header Files</Filter>
    </ClInclude>
    <ClInclude Include="External Libraries\\ext\matrix_int2x2_sized.hpp">
      <Filter>Header Files</Filter>
    </ClInclude>
    <ClInclude Include="External Libraries\\ext\matrix_int2x3.hpp">
      <Filter>Header Files</Filter>
    </ClInclude>
    <ClInclude Include="External Libraries\\ext\matrix_int2x3_sized.hpp">
      <Filter>Header Files</Filter>
    </ClInclude>
    <ClInclude Include="External Libraries\\ext\matrix_int2x4.hpp">
      <Filter>Header Files</Filter>
    </ClInclude>
    <ClInclude Include="External Libraries\\ext\matrix_int2x4_sized.hpp">
      <Filter>Header Files</Filter>
    </ClInclude>
    <ClInclude Include="External Libraries\\ext\matrix_int3x2.hpp">
      <Filter>Header Files</Filter>
    </ClInclude>
    <ClInclude Include="External Libraries\\ext\matrix_int3x2_sized.hpp">
      <Filter>Header Files</Filter>
    </ClInclude>
    <ClInclude Include="External Libraries\\ext\matrix_int3x3.hpp">
      <Filter>Header Files</Filter>
    </ClInclude>
    <ClInclude Include="External Libraries\\ext\matrix_int3x3_sized.hpp">
      <Filter>Header Files</Filter>
    </ClInclude>
    <ClInclude Include="External Libraries\\ext\matrix_int3x4.hpp">
      <Filter>Header Files</Filter>
    </ClInclude>
    <ClInclude Include="External Libraries\\ext\matrix_int3x4_sized.hpp">
      <Filter>Header Files</Filter>
    </ClInclude>
    <ClInclude Include="External Libraries\\ext\matrix_int4x2.hpp">
      <Filter>Header Files</Filter>
    </ClInclude>
    <ClInclude Include="External Libraries\\ext\matrix_int4x2_sized.hpp">
      <Filter>Header Files</Filter>
    </ClInclude>
    <ClInclude Include="External Libraries\\ext\matrix_int4x3.hpp">
      <Filter>Header Files</Filter>
    </ClInclude>
    <ClInclude Include="External Libraries\\ext\matrix_int4x3_sized.hpp">
      <Filter>Header Files</Filter>
    </ClInclude>
    <ClInclude Include="External Libraries\\ext\matrix_int4x4.hpp">
      <Filter>Header Files</Filter>
    </ClInclude>
    <ClInclude Include="External Libraries\\ext\matrix_int4x4_sized.hpp">
      <Filter>Header Files</Filter>
    </ClInclude>
    <ClInclude Include="External Libraries\\ext\matrix_integer.hpp">
      <Filter>Header Files</Filter>
    </ClInclude>
    <ClInclude Include="External Libraries\\ext\matrix_projection.hpp">
      <Filter>Header Files</Filter>
    </ClInclude>
    <ClInclude Include="External Libraries\\ext\matrix_relational.hpp">
      <Filter>Header Files</Filter>
    </ClInclude>
    <ClInclude Include="External Libraries\\ext\matrix_transform.hpp">
      <Filter>Header Files</Filter>
    </ClInclude>
    <ClInclude Include="External Libraries\\ext\matrix_uint2x2.hpp">
      <Filter>Header Files</Filter>
    </ClInclude>
    <ClInclude Include="External Libraries\\ext\matrix_uint2x2_sized.hpp">
      <Filter>Header Files</Filter>
    </ClInclude>
    <ClInclude Include="External Libraries\\ext\matrix_uint2x3.hpp">
      <Filter>Header Files</Filter>
    </ClInclude>
    <ClInclude Include="External Libraries\\ext\matrix_uint2x3_sized.hpp">
      <Filter>Header Files</Filter>
    </ClInclude>
    <ClInclude Include="External Libraries\\ext\matrix_uint2x4.hpp">
      <Filter>Header Files</Filter>
    </ClInclude>
    <ClInclude Include="External Libraries\\ext\matrix_uint2x4_sized.hpp">
      <Filter>Header Files</Filter>
    </ClInclude>
    <ClInclude Include="External Libraries\\ext\matrix_uint3x2.hpp">
      <Filter>Header Files</Filter>
    </ClInclude>
    <ClInclude Include="External Libraries\\ext\matrix_uint3x2_sized.hpp">
      <Filter>Header Files</Filter>
    </ClInclude>
    <ClInclude Include="External Libraries\\ext\matrix_uint3x3.hpp">
      <Filter>Header Files</Filter>
    </ClInclude>
    <ClInclude Include="External Libraries\\ext\matrix_uint3x3_sized.hpp">
      <Filter>Header Files</Filter>
    </ClInclude>
    <ClInclude Include="External Libraries\\ext\matrix_uint3x4.hpp">
      <Filter>Header Files</Filter>
    </ClInclude>
    <ClInclude Include="External Libraries\\ext\matrix_uint3x4_sized.hpp">
      <Filter>Header Files</Filter>
    </ClInclude>
    <ClInclude Include="External Libraries\\ext\matrix_uint4x2.hpp">
      <Filter>Header Files</Filter>
    </ClInclude>
    <ClInclude Include="External Libraries\\ext\matrix_uint4x2_sized.hpp">
      <Filter>Header Files</Filter>
    </ClInclude>
    <ClInclude Include="External Libraries\\ext\matrix_uint4x3.hpp">
      <Filter>Header Files</Filter>
    </ClInclude>
    <ClInclude Include="External Libraries\\ext\matrix_uint4x3_sized.hpp">
      <Filter>Header Files</Filter>
    </ClInclude>
    <ClInclude Include="External Libraries\\ext\matrix_uint4x4.hpp">
      <Filter>Header Files</Filter>
    </ClInclude>
    <ClInclude Include="External Libraries\\ext\matrix_uint4x4_sized.hpp">
      <Filter>Header Files</Filter>
    </ClInclude>
    <ClInclude Include="External Libraries\\ext\quaternion_common.hpp">
      <Filter>Header Files</Filter>
    </ClInclude>
    <ClInclude Include="External Libraries\\ext\quaternion_double.hpp">
      <Filter>Header Files</Filter>
    </ClInclude>
    <ClInclude Include="External Libraries\\ext\quaternion_double_precision.hpp">
      <Filter>Header Files</Filter>
    </ClInclude>
    <ClInclude Include="External Libraries\\ext\quaternion_exponential.hpp">
      <Filter>Header Files</Filter>
    </ClInclude>
    <ClInclude Include="External Libraries\\ext\quaternion_float.hpp">
      <Filter>Header Files</Filter>
    </ClInclude>
    <ClInclude Include="External Libraries\\ext\quaternion_float_precision.hpp">
      <Filter>Header Files</Filter>
    </ClInclude>
    <ClInclude Include="External Libraries\\ext\quaternion_geometric.hpp">
      <Filter>Header Files</Filter>
    </ClInclude>
    <ClInclude Include="External Libraries\\ext\quaternion_relational.hpp">
      <Filter>Header Files</Filter>
    </ClInclude>
    <ClInclude Include="External Libraries\\ext\quaternion_transform.hpp">
      <Filter>Header Files</Filter>
    </ClInclude>
    <ClInclude Include="External Libraries\\ext\quaternion_trigonometric.hpp">
      <Filter>Header Files</Filter>
    </ClInclude>
    <ClInclude Include="External Libraries\\ext\scalar_common.hpp">
      <Filter>Header Files</Filter>
    </ClInclude>
    <ClInclude Include="External Libraries\\ext\scalar_constants.hpp">
      <Filter>Header Files</Filter>
    </ClInclude>
    <ClInclude Include="External Libraries\\ext\scalar_integer.hpp">
      <Filter>Header Files</Filter>
    </ClInclude>
    <ClInclude Include="External Libraries\\ext\scalar_int_sized.hpp">
      <Filter>Header Files</Filter>
    </ClInclude>
    <ClInclude Include="External Libraries\\ext\scalar_packing.hpp">
      <Filter>Header Files</Filter>
    </ClInclude>
    <ClInclude Include="External Libraries\\ext\scalar_reciprocal.hpp">
      <Filter>Header Files</Filter>
    </ClInclude>
    <ClInclude Include="External Libraries\\ext\scalar_relational.hpp">
      <Filter>Header Files</Filter>
    </ClInclude>
    <ClInclude Include="External Libraries\\ext\scalar_uint_sized.hpp">
      <Filter>Header Files</Filter>
    </ClInclude>
    <ClInclude Include="External Libraries\\ext\scalar_ulp.hpp">
      <Filter>Header Files</Filter>
    </ClInclude>
    <ClInclude Include="External Libraries\\ext\vector_bool1.hpp">
      <Filter>Header Files</Filter>
    </ClInclude>
    <ClInclude Include="External Libraries\\ext\vector_bool1_precision.hpp">
      <Filter>Header Files</Filter>
    </ClInclude>
    <ClInclude Include="External Libraries\\ext\vector_bool2.hpp">
      <Filter>Header Files</Filter>
    </ClInclude>
    <ClInclude Include="External Libraries\\ext\vector_bool2_precision.hpp">
      <Filter>Header Files</Filter>
    </ClInclude>
    <ClInclude Include="External Libraries\\ext\vector_bool3.hpp">
      <Filter>Header Files</Filter>
    </ClInclude>
    <ClInclude Include="External Libraries\\ext\vector_bool3_precision.hpp">
      <Filter>Header Files</Filter>
    </ClInclude>
    <ClInclude Include="External Libraries\\ext\vector_bool4.hpp">
      <Filter>Header Files</Filter>
    </ClInclude>
    <ClInclude Include="External Libraries\\ext\vector_bool4_precision.hpp">
      <Filter>Header Files</Filter>
    </ClInclude>
    <ClInclude Include="External Libraries\\ext\vector_common.hpp">
      <Filter>Header Files</Filter>
    </ClInclude>
    <ClInclude Include="External Libraries\\ext\vector_double1.hpp">
      <Filter>Header Files</Filter>
    </ClInclude>
    <ClInclude Include="External Libraries\\ext\vector_double1_precision.hpp">
      <Filter>Header Files</Filter>
    </ClInclude>
    <ClInclude Include="External Libraries\\ext\vector_double2.hpp">
      <Filter>Header Files</Filter>
    </ClInclude>
    <ClInclude Include="External Libraries\\ext\vector_double2_precision.hpp">
      <Filter>Header Files</Filter>
    </ClInclude>
    <ClInclude Include="External Libraries\\ext\vector_double3.hpp">
      <Filter>Header Files</Filter>
    </ClInclude>
    <ClInclude Include="External Libraries\\ext\vector_double3_precision.hpp">
      <Filter>Header Files</Filter>
    </ClInclude>
    <ClInclude Include="External Libraries\\ext\vector_double4.hpp">
      <Filter>Header Files</Filter>
    </ClInclude>
    <ClInclude Include="External Libraries\\ext\vector_double4_precision.hpp">
      <Filter>Header Files</Filter>
    </ClInclude>
    <ClInclude Include="External Libraries\\ext\vector_float1.hpp">
      <Filter>Header Files</Filter>
    </ClInclude>
    <ClInclude Include="External Libraries\\ext\vector_float1_precision.hpp">
      <Filter>Header Files</Filter>
    </ClInclude>
    <ClInclude Include="External Libraries\\ext\vector_float2.hpp">
      <Filter>Header Files</Filter>
    </ClInclude>
    <ClInclude Include="External Libraries\\ext\vector_float2_precision.hpp">
      <Filter>Header Files</Filter>
    </ClInclude>
    <ClInclude Include="External Libraries\\ext\vector_float3.hpp">
      <Filter>Header Files</Filter>
    </ClInclude>
    <ClInclude Include="External Libraries\\ext\vector_float3_precision.hpp">
      <Filter>Header Files</Filter>
    </ClInclude>
    <ClInclude Include="External Libraries\\ext\vector_float4.hpp">
      <Filter>Header Files</Filter>
    </ClInclude>
    <ClInclude Include="External Libraries\\ext\vector_float4_precision.hpp">
      <Filter>Header Files</Filter>
    </ClInclude>
    <ClInclude Include="External Libraries\\ext\vector_int1.hpp">
      <Filter>Header Files</Filter>
    </ClInclude>
    <ClInclude Include="External Libraries\\ext\vector_int1_sized.hpp">
      <Filter>Header Files</Filter>
    </ClInclude>
    <ClInclude Include="External Libraries\\ext\vector_int2.hpp">
      <Filter>Header Files</Filter>
    </ClInclude>
    <ClInclude Include="External Libraries\\ext\vector_int2_sized.hpp">
      <Filter>Header Files</Filter>
    </ClInclude>
    <ClInclude Include="External Libraries\\ext\vector_int3.hpp">
      <Filter>Header Files</Filter>
    </ClInclude>
    <ClInclude Include="External Libraries\\ext\vector_int3_sized.hpp">
      <Filter>Header Files</Filter>
    </ClInclude>
    <ClInclude Include="External Libraries\\ext\vector_int4.hpp">
      <Filter>Header Files</Filter>
    </ClInclude>
    <ClInclude Include="External Libraries\\ext\vector_int4_sized.hpp">
      <Filter>Header Files</Filter>
    </ClInclude>
    <ClInclude Include="External Libraries\\ext\vector_integer.hpp">
      <Filter>Header Files</Filter>
    </ClInclude>
    <ClInclude Include="External Libraries\\ext\vector_packing.hpp">
      <Filter>Header Files</Filter>
    </ClInclude>
    <ClInclude Include="External Libraries\\ext\vector_reciprocal.hpp">
      <Filter>Header Files</Filter>
    </ClInclude>
    <ClInclude Include="External Libraries\\ext\vector_relational.hpp">
      <Filter>Header Files</Filter>
    </ClInclude>
    <ClInclude Include="External Libraries\\ext\vector_uint1.hpp">
      <Filter>Header Files</Filter>
    </ClInclude>
    <ClInclude Include="External Libraries\\ext\vector_uint1_sized.hpp">
      <Filter>Header Files</Filter>
    </ClInclude>
    <ClInclude Include="External Libraries\\ext\vector_uint2.hpp">
      <Filter>Header Files</Filter>
    </ClInclude>
    <ClInclude Include="External Libraries\\ext\vector_uint2_sized.hpp">
      <Filter>Header Files</Filter>
    </ClInclude>
    <ClInclude Include="External Libraries\\ext\vector_uint3.hpp">
      <Filter>Header Files</Filter>
    </ClInclude>
    <ClInclude Include="External Libraries\\ext\vector_uint3_sized.hpp">
      <Filter>Header Files</Filter>
    </ClInclude>
    <ClInclude Include="External Libraries\\ext\vector_uint4.hpp">
      <Filter>Header Files</Filter>
    </ClInclude>
    <ClInclude Include="External Libraries\\ext\vector_uint4_sized.hpp">
      <Filter>Header Files</Filter>
    </ClInclude>
    <ClInclude Include="External Libraries\\ext\vector_ulp.hpp">
      <Filter>Header Files</Filter>
    </ClInclude>
    <ClInclude Include="External Libraries\\ext\_matrix_vectorize.hpp">
      <Filter>Header Files</Filter>
    </ClInclude>
    <ClInclude Include="External Libraries\\fwd.hpp">
      <Filter>Header Files</Filter>
    </ClInclude>
    <ClInclude Include="External Libraries\\geometric.hpp">
      <Filter>Header Files</Filter>
    </ClInclude>
    <ClInclude Include="External Libraries\\.hpp">
      <Filter>Header Files</Filter>
    </ClInclude>
    <ClInclude Include="External Libraries\\gtc\bitfield.hpp">
      <Filter>Header Files</Filter>
    </ClInclude>
    <ClInclude Include="External Libraries\\gtc\color_space.hpp">
      <Filter>Header Files</Filter>
    </ClInclude>
    <ClInclude Include="External Libraries\\gtc\constants.hpp">
      <Filter>Header Files</Filter>
    </ClInclude>
    <ClInclude Include="External Libraries\\gtc\epsilon.hpp">
      <Filter>Header Files</Filter>
    </ClInclude>
    <ClInclude Include="External Libraries\\gtc\integer.hpp">
      <Filter>Header Files</Filter>
    </ClInclude>
    <ClInclude Include="External Libraries\\gtc\matrix_access.hpp">
      <Filter>Header Files</Filter>
    </ClInclude>
    <ClInclude Include="External Libraries\\gtc\matrix_integer.hpp">
      <Filter>Header Files</Filter>
    </ClInclude>
    <ClInclude Include="External Libraries\\gtc\matrix_inverse.hpp">
      <Filter>Header Files</Filter>
    </ClInclude>
    <ClInclude Include="External Libraries\\gtc\matrix_transform.hpp">
      <Filter>Header Files</Filter>
    </ClInclude>
    <ClInclude Include="External Libraries\\gtc\noise.hpp">
      <Filter>Header Files</Filter>
    </ClInclude>
    <ClInclude Include="External Libraries\\gtc\packing.hpp">
      <Filter>Header Files</Filter>
    </ClInclude>
    <ClInclude Include="External Libraries\\gtc\quaternion.hpp">
      <Filter>Header Files</Filter>
    </ClInclude>
    <ClInclude Include="External Libraries\\gtc\random.hpp">
      <Filter>Header Files</Filter>
    </ClInclude>
    <ClInclude Include="External Libraries\\gtc\reciprocal.hpp">
      <Filter>Header Files</Filter>
    </ClInclude>
    <ClInclude Include="External Libraries\\gtc\round.hpp">
      <Filter>Header Files</Filter>
    </ClInclude>
    <ClInclude Include="External Libraries\\gtc\type_aligned.hpp">
      <Filter>Header Files</Filter>
    </ClInclude>
    <ClInclude Include="External Libraries\\gtc\type_precision.hpp">
      <Filter>Header Files</Filter>
    </ClInclude>
    <ClInclude Include="External Libraries\\gtc\type_ptr.hpp">
      <Filter>Header Files</Filter>
    </ClInclude>
    <ClInclude Include="External Libraries\\gtc\ulp.hpp">
      <Filter>Header Files</Filter>
    </ClInclude>
    <ClInclude Include="External Libraries\\gtc\vec1.hpp">
      <Filter>Header Files</Filter>
    </ClInclude>
    <ClInclude Include="External Libraries\\gtx\associated_min_max.hpp">
      <Filter>Header Files</Filter>
    </ClInclude>
    <ClInclude Include="External Libraries\\gtx\bit.hpp">
      <Filter>Header Files</Filter>
    </ClInclude>
    <ClInclude Include="External Libraries\\gtx\closest_point.hpp">
      <Filter>Header Files</Filter>
    </ClInclude>
    <ClInclude Include="External Libraries\\gtx\color_encoding.hpp">
      <Filter>Header Files</Filter>
    </ClInclude>
    <ClInclude Include="External Libraries\\gtx\color_space.hpp">
      <Filter>Header Files</Filter>
    </ClInclude>
    <ClInclude Include="External Libraries\\gtx\color_space_YCoCg.hpp">
      <Filter>Header Files</Filter>
    </ClInclude>
    <ClInclude Include="External Libraries\\gtx\common.hpp">
      <Filter>Header Files</Filter>
    </ClInclude>
    <ClInclude Include="External Libraries\\gtx\compatibility.hpp">
      <Filter>Header Files</Filter>
    </ClInclude>
    <ClInclude Include="External Libraries\\gtx\component_wise.hpp">
      <Filter>Header Files</Filter>
    </ClInclude>
    <ClInclude Include="External Libraries\\gtx\dual_quaternion.hpp">
      <Filter>Header Files</Filter>
    </ClInclude>
    <ClInclude Include="External Libraries\\gtx\easing.hpp">
      <Filter>Header Files</Filter>
    </ClInclude>
    <ClInclude Include="External Libraries\\gtx\euler_angles.hpp">
      <Filter>Header Files</Filter>
    </ClInclude>
    <ClInclude Include="External Libraries\\gtx\extend.hpp">
      <Filter>Header Files</Filter>
    </ClInclude>
    <ClInclude Include="External Libraries\\gtx\extended_min_max.hpp">
      <Filter>Header Files</Filter>
    </ClInclude>
    <ClInclude Include="External Libraries\\gtx\exterior_product.hpp">
      <Filter>Header Files</Filter>
    </ClInclude>
    <ClInclude Include="External Libraries\\gtx\fast_exponential.hpp">
      <Filter>Header Files</Filter>
    </ClInclude>
    <ClInclude Include="External Libraries\\gtx\fast_square_root.hpp">
      <Filter>Header Files</Filter>
    </ClInclude>
    <ClInclude Include="External Libraries\\gtx\fast_trigonometry.hpp">
      <Filter>Header Files</Filter>
    </ClInclude>
    <ClInclude Include="External Libraries\\gtx\functions.hpp">
      <Filter>Header Files</Filter>
    </ClInclude>
    <ClInclude Include="External Libraries\\gtx\gradient_paint.hpp">
      <Filter>Header Files</Filter>
    </ClInclude>
    <ClInclude Include="External Libraries\\gtx\handed_coordinate_space.hpp">
      <Filter>Header Files</Filter>
    </ClInclude>
    <ClInclude Include="External Libraries\\gtx\hash.hpp">
      <Filter>Header Files</Filter>
    </ClInclude>
    <ClInclude Include="External Libraries\\gtx\integer.hpp">
      <Filter>Header Files</Filter>
    </ClInclude>
    <ClInclude Include="External Libraries\\gtx\intersect.hpp">
      <Filter>Header Files</Filter>
    </ClInclude>
    <ClInclude Include="External Libraries\\gtx\io.hpp">
      <Filter>Header Files</Filter>
    </ClInclude>
    <ClInclude Include="External Libraries\\gtx\log_base.hpp">
      <Filter>Header Files</Filter>
    </ClInclude>
    <ClInclude Include="External Libraries\\gtx\matrix_cross_product.hpp">
      <Filter>Header Files</Filter>
    </ClInclude>
    <ClInclude Include="External Libraries\\gtx\matrix_decompose.hpp">
      <Filter>Header Files</Filter>
    </ClInclude>
    <ClInclude Include="External Libraries\\gtx\matrix_factorisation.hpp">
      <Filter>Header Files</Filter>
    </ClInclude>
    <ClInclude Include="External Libraries\\gtx\matrix_interpolation.hpp">
      <Filter>Header Files</Filter>
    </ClInclude>
    <ClInclude Include="External Libraries\\gtx\matrix_major_storage.hpp">
      <Filter>Header Files</Filter>
    </ClInclude>
    <ClInclude Include="External Libraries\\gtx\matrix_operation.hpp">
      <Filter>Header Files</Filter>
    </ClInclude>
    <ClInclude Include="External Libraries\\gtx\matrix_query.hpp">
      <Filter>Header Files</Filter>
    </ClInclude>
    <ClInclude Include="External Libraries\\gtx\matrix_transform_2d.hpp">
      <Filter>Header Files</Filter>
    </ClInclude>
    <ClInclude Include="External Libraries\\gtx\mixed_product.hpp">
      <Filter>Header Files</Filter>
    </ClInclude>
    <ClInclude Include="External Libraries\\gtx\norm.hpp">
      <Filter>Header Files</Filter>
    </ClInclude>
    <ClInclude Include="External Libraries\\gtx\normal.hpp">
      <Filter>Header Files</Filter>
    </ClInclude>
    <ClInclude Include="External Libraries\\gtx\normalize_dot.hpp">
      <Filter>Header Files</Filter>
    </ClInclude>
    <ClInclude Include="External Libraries\\gtx\number_precision.hpp">
      <Filter>Header Files</Filter>
    </ClInclude>
    <ClInclude Include="External Libraries\\gtx\optimum_pow.hpp">
      <Filter>Header Files</Filter>
    </ClInclude>
    <ClInclude Include="External Libraries\\gtx\orthonormalize.hpp">
      <Filter>Header Files</Filter>
    </ClInclude>
    <ClInclude Include="External Libraries\\gtx\pca.hpp">
      <Filter>Header Files</Filter>
    </ClInclude>
    <ClInclude Include="External Libraries\\gtx\perpendicular.hpp">
      <Filter>Header Files</Filter>
    </ClInclude>
    <ClInclude Include="External Libraries\\gtx\polar_coordinates.hpp">
      <Filter>Header Files</Filter>
    </ClInclude>
    <ClInclude Include="External Libraries\\gtx\projection.hpp">
      <Filter>Header Files</Filter>
    </ClInclude>
    <ClInclude Include="External Libraries\\gtx\quaternion.hpp">
      <Filter>Header Files</Filter>
    </ClInclude>
    <ClInclude Include="External Libraries\\gtx\range.hpp">
      <Filter>Header Files</Filter>
    </ClInclude>
    <ClInclude Include="External Libraries\\gtx\raw_data.hpp">
      <Filter>Header Files</Filter>
    </ClInclude>
    <ClInclude Include="External Libraries\\gtx\rotate_normalized_axis.hpp">
      <Filter>Header Files</Filter>
    </ClInclude>
    <ClInclude Include="External Libraries\\gtx\rotate_vector.hpp">
      <Filter>Header Files</Filter>
    </ClInclude>
    <ClInclude Include="External Libraries\\gtx\scalar_multiplication.hpp">
      <Filter>Header Files</Filter>
    </ClInclude>
    <ClInclude Include="External Libraries\\gtx\scalar_relational.hpp">
      <Filter>Header Files</Filter>
    </ClInclude>
    <ClInclude Include="External Libraries\\gtx\spline.hpp">
      <Filter>Header Files</Filter>
    </ClInclude>
    <ClInclude Include="External Libraries\\gtx\std_based_type.hpp">
      <Filter>Header Files</Filter>
    </ClInclude>
    <ClInclude Include="External Libraries\\gtx\string_cast.hpp">
      <Filter>Header Files</Filter>
    </ClInclude>
    <ClInclude Include="External Libraries\\gtx\texture.hpp">
      <Filter>Header Files</Filter>
    </ClInclude>
    <ClInclude Include="External Libraries\\gtx\transform.hpp">
      <Filter>Header Files</Filter>
    </ClInclude>
    <ClInclude Include="External Libraries\\gtx\transform2.hpp">
      <Filter>Header Files</Filter>
    </ClInclude>
    <ClInclude Include="External Libraries\\gtx\type_aligned.hpp">
      <Filter>Header Files</Filter>
    </ClInclude>
    <ClInclude Include="External Libraries\\gtx\type_trait.hpp">
      <Filter>Header Files</Filter>
    </ClInclude>
    <ClInclude Include="External Libraries\\gtx\vector_angle.hpp">
      <Filter>Header Files</Filter>
    </ClInclude>
    <ClInclude Include="External Libraries\\gtx\vector_query.hpp">
      <Filter>Header Files</Filter>
    </ClInclude>
    <ClInclude Include="External Libraries\\gtx\vec_swizzle.hpp">
      <Filter>Header Files</Filter>
    </ClInclude>
    <ClInclude Include="External Libraries\\gtx\wrap.hpp">
      <Filter>Header Files</Filter>
    </ClInclude>
    <ClInclude Include="External Libraries\\integer.hpp">
      <Filter>Header Files</Filter>
    </ClInclude>
    <ClInclude Include="External Libraries\\mat2x2.hpp">
      <Filter>Header Files</Filter>
    </ClInclude>
    <ClInclude Include="External Libraries\\mat2x3.hpp">
      <Filter>Header Files</Filter>
    </ClInclude>
    <ClInclude Include="External Libraries\\mat2x4.hpp">
      <Filter>Header Files</Filter>
    </ClInclude>
    <ClInclude Include="External Libraries\\mat3x2.hpp">
      <Filter>Header Files</Filter>
    </ClInclude>
    <ClInclude Include="External Libraries\\mat3x3.hpp">
      <Filter>Header Files</Filter>
    </ClInclude>
    <ClInclude Include="External Libraries\\mat3x4.hpp">
      <Filter>Header Files</Filter>
    </ClInclude>
    <ClInclude Include="External Libraries\\mat4x2.hpp">
      <Filter>Header Files</Filter>
    </ClInclude>
    <ClInclude Include="External Libraries\\mat4x3.hpp">
      <Filter>Header Files</Filter>
    </ClInclude>
    <ClInclude Include="External Libraries\\mat4x4.hpp">
      <Filter>Header Files</Filter>
    </ClInclude>
    <ClInclude Include="External Libraries\\matrix.hpp">
      <Filter>Header Files</Filter>
    </ClInclude>
    <ClInclude Include="External Libraries\\packing.hpp">
      <Filter>Header Files</Filter>
    </ClInclude>
    <ClInclude Include="External Libraries\\simd\common.h">
      <Filter>Header Files</Filter>
    </ClInclude>
    <ClInclude Include="External Libraries\\simd\exponential.h">
      <Filter>Header Files</Filter>
    </ClInclude>
    <ClInclude Include="External Libraries\\simd\geometric.h">
      <Filter>Header Files</Filter>
    </ClInclude>
    <ClInclude Include="External Libraries\\simd\integer.h">
      <Filter>Header Files</Filter>
    </ClInclude>
    <ClInclude Include="External Libraries\\simd\matrix.h">
      <Filter>Header Files</Filter>
    </ClInclude>
    <ClInclude Include="External Libraries\\simd\neon.h">
      <Filter>Header Files</Filter>
    </ClInclude>
    <ClInclude Include="External Libraries\\simd\packing.h">
      <Filter>Header Files</Filter>
    </ClInclude>
    <ClInclude Include="External Libraries\\simd\platform.h">
      <Filter>Header Files</Filter>
    </ClInclude>
    <ClInclude Include="External Libraries\\simd\trigonometric.h">
      <Filter>Header Files</Filter>
    </ClInclude>
    <ClInclude Include="External Libraries\\simd\vector_relational.h">
      <Filter>Header Files</Filter>
    </ClInclude>
    <ClInclude Include="External Libraries\\trigonometric.hpp">
      <Filter>Header Files</Filter>
    </ClInclude>
    <ClInclude Include="External Libraries\\vec2.hpp">
      <Filter>Header Files</Filter>
    </ClInclude>
    <ClInclude Include="External Libraries\\vec3.hpp">
      <Filter>Header Files</Filter>
    </ClInclude>
    <ClInclude Include="External Libraries\\vec4.hpp">
      <Filter>Header Files</Filter>
    </ClInclude>
    <ClInclude Include="External Libraries\\vector_relational.hpp">
      <Filter>Header Files</Filter>
    </ClInclude>
  </ItemGroup>
  <ItemGroup>
    <None Include="Shaders\FragmentShader.frag" />
    <None Include="Shaders\VertexShader.vert" />
    <None Include="External Libraries\\detail\func_common.inl">
      <Filter>Header Files</Filter>
    </None>
    <None Include="External Libraries\\detail\func_common_simd.inl">
      <Filter>Header Files</Filter>
    </None>
    <None Include="External Libraries\\detail\func_exponential.inl">
      <Filter>Header Files</Filter>
    </None>
    <None Include="External Libraries\\detail\func_exponential_simd.inl">
      <Filter>Header Files</Filter>
    </None>
    <None Include="External Libraries\\detail\func_geometric.inl">
      <Filter>Header Files</Filter>
    </None>
    <None Include="External Libraries\\detail\func_geometric_simd.inl">
      <Filter>Header Files</Filter>
    </None>
    <None Include="External Libraries\\detail\func_integer.inl">
      <Filter>Header Files</Filter>
    </None>
    <None Include="External Libraries\\detail\func_integer_simd.inl">
      <Filter>Header Files</Filter>
    </None>
    <None Include="External Libraries\\detail\func_matrix.inl">
      <Filter>Header Files</Filter>
    </None>
    <None Include="External Libraries\\detail\func_matrix_simd.inl">
      <Filter>Header Files</Filter>
    </None>
    <None Include="External Libraries\\detail\func_packing.inl">
      <Filter>Header Files</Filter>
    </None>
    <None Include="External Libraries\\detail\func_packing_simd.inl">
      <Filter>Header Files</Filter>
    </None>
    <None Include="External Libraries\\detail\func_trigonometric.inl">
      <Filter>Header Files</Filter>
    </None>
    <None Include="External Libraries\\detail\func_trigonometric_simd.inl">
      <Filter>Header Files</Filter>
    </None>
    <None Include="External Libraries\\detail\func_vector_relational.inl">
      <Filter>Header Files</Filter>
    </None>
    <None Include="External Libraries\\detail\func_vector_relational_simd.inl">
      <Filter>Header Files</Filter>
    </None>
    <None Include="External Libraries\\detail\type_half.inl">
      <Filter>Header Files</Filter>
    </None>
    <None Include="External Libraries\\detail\type_mat2x2.inl">
      <Filter>Header Files</Filter>
    </None>
    <None Include="External Libraries\\detail\type_mat2x3.inl">
      <Filter>Header Files</Filter>
    </None>
    <None Include="External Libraries\\detail\type_mat2x4.inl">
      <Filter>Header Files</Filter>
    </None>
    <None Include="External Libraries\\detail\type_mat3x2.inl">
      <Filter>Header Files</Filter>
    </None>
    <None Include="External Libraries\\detail\type_mat3x3.inl">
      <Filter>Header Files</Filter>
    </None>
    <None Include="External Libraries\\detail\type_mat3x4.inl">
      <Filter>Header Files</Filter>
    </None>
    <None Include="External Libraries\\detail\type_mat4x2.inl">
      <Filter>Header Files</Filter>
    </None>
    <None Include="External Libraries\\detail\type_mat4x3.inl">
      <Filter>Header Files</Filter>
    </None>
    <None Include="External Libraries\\detail\type_mat4x4.inl">
      <Filter>Header Files</Filter>
    </None>
    <None Include="External Libraries\\detail\type_mat4x4_simd.inl">
      <Filter>Header Files</Filter>
    </None>
    <None Include="External Libraries\\detail\type_quat.inl">
      <Filter>Header Files</Filter>
    </None>
    <None Include="External Libraries\\detail\type_quat_simd.inl">
      <Filter>Header Files</Filter>
    </None>
    <None Include="External Libraries\\detail\type_vec1.inl">
      <Filter>Header Files</Filter>
    </None>
    <None Include="External Libraries\\detail\type_vec2.inl">
      <Filter>Header Files</Filter>
    </None>
    <None Include="External Libraries\\detail\type_vec3.inl">
      <Filter>Header Files</Filter>
    </None>
    <None Include="External Libraries\\detail\type_vec4.inl">
      <Filter>Header Files</Filter>
    </None>
    <None Include="External Libraries\\detail\type_vec4_simd.inl">
      <Filter>Header Files</Filter>
    </None>
    <None Include="External Libraries\\ext\matrix_clip_space.inl">
      <Filter>Header Files</Filter>
    </None>
    <None Include="External Libraries\\ext\matrix_common.inl">
      <Filter>Header Files</Filter>
    </None>
    <None Include="External Libraries\\ext\matrix_integer.inl">
      <Filter>Header Files</Filter>
    </None>
    <None Include="External Libraries\\ext\matrix_projection.inl">
      <Filter>Header Files</Filter>
    </None>
    <None Include="External Libraries\\ext\matrix_relational.inl">
      <Filter>Header Files</Filter>
    </None>
    <None Include="External Libraries\\ext\matrix_transform.inl">
      <Filter>Header Files</Filter>
    </None>
    <None Include="External Libraries\\ext\quaternion_common.inl">
      <Filter>Header Files</Filter>
    </None>
    <None Include="External Libraries\\ext\quaternion_common_simd.inl">
      <Filter>Header Files</Filter>
    </None>
    <None Include="External Libraries\\ext\quaternion_exponential.inl">
      <Filter>Header Files</Filter>
    </None>
    <None Include="External Libraries\\ext\quaternion_geometric.inl">
      <Filter>Header Files</Filter>
    </None>
    <None Include="External Libraries\\ext\quaternion_relational.inl">
      <Filter>Header Files</Filter>
    </None>
    <None Include="External Libraries\\ext\quaternion_transform.inl">
      <Filter>Header Files</Filter>
    </None>
    <None Include="External Libraries\\ext\quaternion_trigonometric.inl">
      <Filter>Header Files</Filter>
    </None>
    <None Include="External Libraries\\ext\scalar_common.inl">
      <Filter>Header Files</Filter>
    </None>
    <None Include="External Libraries\\ext\scalar_constants.inl">
      <Filter>Header Files</Filter>
    </None>
    <None Include="External Libraries\\ext\scalar_integer.inl">
      <Filter>Header Files</Filter>
    </None>
    <None Include="External Libraries\\ext\scalar_packing.inl">
      <Filter>Header Files</Filter>
    </None>
    <None Include="External Libraries\\ext\scalar_reciprocal.inl">
      <Filter>Header Files</Filter>
    </None>
    <None Include="External Libraries\\ext\scalar_relational.inl">
      <Filter>Header Files</Filter>
    </None>
    <None Include="External Libraries\\ext\scalar_ulp.inl">
      <Filter>Header Files</Filter>
    </None>
    <None Include="External Libraries\\ext\vector_common.inl">
      <Filter>Header Files</Filter>
    </None>
    <None Include="External Libraries\\ext\vector_integer.inl">
      <Filter>Header Files</Filter>
    </None>
    <None Include="External Libraries\\ext\vector_packing.inl">
      <Filter>Header Files</Filter>
    </None>
    <None Include="External Libraries\\ext\vector_reciprocal.inl">
      <Filter>Header Files</Filter>
    </None>
    <None Include="External Libraries\\ext\vector_relational.inl">
      <Filter>Header Files</Filter>
    </None>
    <None Include="External Libraries\\ext\vector_ulp.inl">
      <Filter>Header Files</Filter>
    </None>
    <None Include="External Libraries\\gtc\bitfield.inl">
      <Filter>Header Files</Filter>
    </None>
    <None Include="External Libraries\\gtc\color_space.inl">
      <Filter>Header Files</Filter>
    </None>
    <None Include="External Libraries\\gtc\constants.inl">
      <Filter>Header Files</Filter>
    </None>
    <None Include="External Libraries\\gtc\epsilon.inl">
      <Filter>Header Files</Filter>
    </None>
    <None Include="External Libraries\\gtc\integer.inl">
      <Filter>Header Files</Filter>
    </None>
    <None Include="External Libraries\\gtc\matrix_access.inl">
      <Filter>Header Files</Filter>
    </None>
    <None Include="External Libraries\\gtc\matrix_inverse.inl">
      <Filter>Header Files</Filter>
    </None>
    <None Include="External Libraries\\gtc\matrix_transform.inl">
      <Filter>Header Files</Filter>
    </None>
    <None Include="External Libraries\\gtc\noise.inl">
      <Filter>Header Files</Filter>
    </None>
    <None Include="External Libraries\\gtc\packing.inl">
      <Filter>Header Files</Filter>
    </None>
    <None Include="External Libraries\\gtc\quaternion.inl">
      <Filter>Header Files</Filter>
    </None>
    <None Include="External Libraries\\gtc\quaternion_simd.inl">
      <Filter>Header Files</Filter>
    </None>
    <None Include="External Libraries\\gtc\random.inl">
      <Filter>Header Files</Filter>
    </None>
    <None Include="External Libraries\\gtc\round.inl">
      <Filter>Header Files</Filter>
    </None>
    <None Include="External Libraries\\gtc\type_precision.inl">
      <Filter>Header Files</Filter>
    </None>
    <None Include="External Libraries\\gtc\type_ptr.inl">
      <Filter>Header Files</Filter>
    </None>
    <None Include="External Libraries\\gtc\ulp.inl">
      <Filter>Header Files</Filter>
    </None>
    <None Include="External Libraries\\gtx\associated_min_max.inl">
      <Filter>Header Files</Filter>
    </None>
    <None Include="External Libraries\\gtx\bit.inl">
      <Filter>Header Files</Filter>
    </None>
    <None Include="External Libraries\\gtx\closest_point.inl">
      <Filter>Header Files</Filter>
    </None>
    <None Include="External Libraries\\gtx\color_encoding.inl">
      <Filter>Header Files</Filter>
    </None>
    <None Include="External Libraries\\gtx\color_space.inl">
      <Filter>Header Files</Filter>
    </None>
    <None Include="External Libraries\\gtx\color_space_YCoCg.inl">
      <Filter>Header Files</Filter>
    </None>
    <None Include="External Libraries\\gtx\common.inl">
      <Filter>Header Files</Filter>
    </None>
    <None Include="External Libraries\\gtx\compatibility.inl">
      <Filter>Header Files</Filter>
    </None>
    <None Include="External Libraries\\gtx\component_wise.inl">
      <Filter>Header Files</Filter>
    </None>
    <None Include="External Libraries\\gtx\dual_quaternion.inl">
      <Filter>Header Files</Filter>
    </None>
    <None Include="External Libraries\\gtx\easing.inl">
      <Filter>Header Files</Filter>
    </None>
    <None Include="External Libraries\\gtx\euler_angles.inl">
      <Filter>Header Files</Filter>
    </None>
    <None Include="External Libraries\\gtx\extend.inl">
      <Filter>Header Files</Filter>
    </None>
    <None Include="External Libraries\\gtx\extended_min_max.inl">
      <Filter>Header Files</Filter>
    </None>
    <None Include="External Libraries\\gtx\exterior_product.inl">
      <Filter>Header Files</Filter>
    </None>
    <None Include="External Libraries\\gtx\fast_exponential.inl">
      <Filter>Header Files</Filter>
    </None>
    <None Include="External Libraries\\gtx\fast_square_root.inl">
      <Filter>Header Files</Filter>
    </None>
    <None Include="External Libraries\\gtx\fast_trigonometry.inl">
      <Filter>Header Files</Filter>
    </None>
    <None Include="External Libraries\\gtx\float_notmalize.inl">
      <Filter>Header Files</Filter>
    </None>
    <None Include="External Libraries\\gtx\functions.inl">
      <Filter>Header Files</Filter>
    </None>
    <None Include="External Libraries\\gtx\gradient_paint.inl">
      <Filter>Header Files</Filter>
    </None>
    <None Include="External Libraries\\gtx\handed_coordinate_space.inl">
      <Filter>Header Files</Filter>
    </None>
    <None Include="External Libraries\\gtx\hash.inl">
      <Filter>Header Files</Filter>
    </None>
    <None Include="External Libraries\\gtx\integer.inl">
      <Filter>Header Files</Filter>
    </None>
    <None Include="External Libraries\\gtx\intersect.inl">
      <Filter>Header Files</Filter>
    </None>
    <None Include="External Libraries\\gtx\io.inl">
      <Filter>Header Files</Filter>
    </None>
    <None Include="External Libraries\\gtx\log_base.inl">
      <Filter>Header Files</Filter>
    </None>
    <None Include="External Libraries\\gtx\matrix_cross_product.inl">
      <Filter>Header Files</Filter>
    </None>
    <None Include="External Libraries\\gtx\matrix_decompose.inl">
      <Filter>Header Files</Filter>
    </None>
    <None Include="External Libraries\\gtx\matrix_factorisation.inl">
      <Filter>Header Files</Filter>
    </None>
    <None Include="External Libraries\\gtx\matrix_interpolation.inl">
      <Filter>Header Files</Filter>
    </None>
    <None Include="External Libraries\\gtx\matrix_major_storage.inl">
      <Filter>Header Files</Filter>
    </None>
    <None Include="External Libraries\\gtx\matrix_operation.inl">
      <Filter>Header Files</Filter>
    </None>
    <None Include="External Libraries\\gtx\matrix_query.inl">
      <Filter>Header Files</Filter>
    </None>
    <None Include="External Libraries\\gtx\matrix_transform_2d.inl">
      <Filter>Header Files</Filter>
    </None>
    <None Include="External Libraries\\gtx\mixed_product.inl">
      <Filter>Header Files</Filter>
    </None>
    <None Include="External Libraries\\gtx\norm.inl">
      <Filter>Header Files</Filter>
    </None>
    <None Include="External Libraries\\gtx\normal.inl">
      <Filter>Header Files</Filter>
    </None>
    <None Include="External Libraries\\gtx\normalize_dot.inl">
      <Filter>Header Files</Filter>
    </None>
    <None Include="External Libraries\\gtx\optimum_pow.inl">
      <Filter>Header Files</Filter>
    </None>
    <None Include="External Libraries\\gtx\orthonormalize.inl">
      <Filter>Header Files</Filter>
    </None>
    <None Include="External Libraries\\gtx\pca.inl">
      <Filter>Header Files</Filter>
    </None>
    <None Include="External Libraries\\gtx\perpendicular.inl">
      <Filter>Header Files</Filter>
    </None>
    <None Include="External Libraries\\gtx\polar_coordinates.inl">
      <Filter>Header Files</Filter>
    </None>
    <None Include="External Libraries\\gtx\projection.inl">
      <Filter>Header Files</Filter>
    </None>
    <None Include="External Libraries\\gtx\quaternion.inl">
      <Filter>Header Files</Filter>
    </None>
    <None Include="External Libraries\\gtx\raw_data.inl">
      <Filter>Header Files</Filter>
    </None>
    <None Include="External Libraries\\gtx\rotate_normalized_axis.inl">
      <Filter>Header Files</Filter>
    </None>
    <None Include="External Libraries\\gtx\rotate_vector.inl">
      <Filter>Header Files</Filter>
    </None>
    <None Include="External Libraries\\gtx\scalar_relational.inl">
      <Filter>Header Files</Filter>
    </None>
    <None Include="External Libraries\\gtx\spline.inl">
      <Filter>Header Files</Filter>
    </None>
    <None Include="External Libraries\\gtx\std_based_type.inl">
      <Filter>Header Files</Filter>
    </None>
    <None Include="External Libraries\\gtx\string_cast.inl">
      <Filter>Header Files</Filter>
    </None>
    <None Include="External Libraries\\gtx\texture.inl">
      <Filter>Header Files</Filter>
    </None>
    <None Include="External Libraries\\gtx\transform.inl">
      <Filter>Header Files</Filter>
    </None>
    <None Include="External Libraries\\gtx\transform2.inl">
      <Filter>Header Files</Filter>
    </None>
    <None Include="External Libraries\\gtx\type_aligned.inl">
      <Filter>Header Files</Filter>
    </None>
    <None Include="External Libraries\\gtx\type_trait.inl">
      <Filter>Header Files</Filter>
    </None>
    <None Include="External Libraries\\gtx\vector_angle.inl">
      <Filter>Header Files</Filter>
    </None>
    <None Include="External Libraries\\gtx\vector_query.inl">
      <Filter>Header Files</Filter>
    </None>
    <None Include="External Libraries\\gtx\wrap.inl">
      <Filter>Header Files</Filter>
    </None>
    <None Include=".gitignore" />
  </ItemGroup>
  <ItemGroup>
    <Image Include="Src\container.jpg">
      <Filter>Resource Files</Filter>
    </Image>
    <Image Include="Src\awesomeface.png">
      <Filter>Resource Files</Filter>
    </Image>
  </ItemGroup>
</Project>